
Microsoft Visual Studio Solution File, Format Version 12.00
# Visual Studio Version 16
VisualStudioVersion = 16.0.28729.10
MinimumVisualStudioVersion = 10.0.40219.1
Project("{FAE04EC0-301F-11D3-BF4B-00C04F79EFBC}") = "Web", "Web\Web.csproj", "{BAF2E893-0E5B-417F-AEEE-CEF508EBF051}"
EndProject
Global
	GlobalSection(SolutionConfigurationPlatforms) = preSolution
		Debug|Any CPU = Debug|Any CPU
		Release|Any CPU = Release|Any CPU
	EndGlobalSection
	GlobalSection(ProjectConfigurationPlatforms) = postSolution
		{BAF2E893-0E5B-417F-AEEE-CEF508EBF051}.Debug|Any CPU.ActiveCfg = Debug|Any CPU
		{BAF2E893-0E5B-417F-AEEE-CEF508EBF051}.Debug|Any CPU.Build.0 = Debug|Any CPU
		{BAF2E893-0E5B-417F-AEEE-CEF508EBF051}.Release|Any CPU.ActiveCfg = Release|Any CPU
		{BAF2E893-0E5B-417F-AEEE-CEF508EBF051}.Release|Any CPU.Build.0 = Release|Any CPU
	EndGlobalSection
	GlobalSection(SolutionProperties) = preSolution
		HideSolutionNode = FALSE
	EndGlobalSection
	GlobalSection(ExtensibilityGlobals) = postSolution
		SolutionGuid = {26EA21C1-0EFA-4F96-8ED1-EC02EC0DA20E}
	EndGlobalSection
EndGlobal
